# THIS IS AN AUTOGENERATED FILE. DO NOT EDIT THIS FILE DIRECTLY.
# yarn lockfile v1


"@types/node@^11.11.4":
  version "11.13.8"
  resolved "https://registry.yarnpkg.com/@types/node/-/node-11.13.8.tgz#e5d71173c95533be9842b2c798978f095f912aab"
  integrity sha512-szA3x/3miL90ZJxUCzx9haNbK5/zmPieGraZEe4WI+3srN0eGLiT22NXeMHmyhNEopn+IrxqMc7wdVwvPl8meg==

ajv@^6.10.0:
  version "6.10.0"
  resolved "https://registry.yarnpkg.com/ajv/-/ajv-6.10.0.tgz#90d0d54439da587cd7e843bfb7045f50bd22bdf1"
  integrity sha512-nffhOpkymDECQyR0mnsUtoCE8RlX38G0rYP+wgLWFyZuUyuuojSSvi/+euOiQBIn63whYwYVIIH1TvE3tu4OEg==
  dependencies:
    fast-deep-equal "^2.0.1"
    fast-json-stable-stringify "^2.0.0"
    json-schema-traverse "^0.4.1"
    uri-js "^4.2.2"

application-config-path@^0.1.0:
  version "0.1.0"
  resolved "https://registry.yarnpkg.com/application-config-path/-/application-config-path-0.1.0.tgz#193c5f0a86541a4c66fba1e2dc38583362ea5e8f"
  integrity sha1-GTxfCoZUGkxm+6Hi3DhYM2LqXo8=

application-config@~0.1.1:
  version "0.1.2"
  resolved "https://registry.yarnpkg.com/application-config/-/application-config-0.1.2.tgz#3272533b5f9f83b323a9e5d640a3558b50a5b385"
  integrity sha1-MnJTO1+fg7MjqeXWQKNVi1Cls4U=
  dependencies:
    application-config-path "^0.1.0"
    mkdirp "^0.5.1"

arg@^4.1.0:
  version "4.1.0"
  resolved "https://registry.yarnpkg.com/arg/-/arg-4.1.0.tgz#583c518199419e0037abb74062c37f8519e575f0"
  integrity sha512-ZWc51jO3qegGkVh8Hwpv636EkbesNV5ZNQPCtRa+0qytRYPEs9IYT9qITY9buezqUH5uqyzlWLcufrzU2rffdg==

asn1@0.1.11:
  version "0.1.11"
  resolved "https://registry.yarnpkg.com/asn1/-/asn1-0.1.11.tgz#559be18376d08a4ec4dbe80877d27818639b2df7"
  integrity sha1-VZvhg3bQik7E2+gId9J4GGObLfc=

assert-plus@^0.1.5:
  version "0.1.5"
  resolved "https://registry.yarnpkg.com/assert-plus/-/assert-plus-0.1.5.tgz#ee74009413002d84cec7219c6ac811812e723160"
  integrity sha1-7nQAlBMALYTOxyGcasgRgS5yMWA=

async@~0.2.7, async@~0.2.9:
  version "0.2.10"
  resolved "https://registry.yarnpkg.com/async/-/async-0.2.10.tgz#b6bbe0b0674b9d719708ca38de8c237cb526c3d1"
  integrity sha1-trvgsGdLnXGXCMo43owjfLUmw9E=

aws-sign@~0.3.0:
  version "0.3.0"
  resolved "https://registry.yarnpkg.com/aws-sign/-/aws-sign-0.3.0.tgz#3d81ca69b474b1e16518728b51c24ff0bbedc6e9"
  integrity sha1-PYHKabR0seFlGHKLUcJP8Lvtxuk=

bl@~0.9.4:
  version "0.9.5"
  resolved "https://registry.yarnpkg.com/bl/-/bl-0.9.5.tgz#c06b797af085ea00bc527afc8efcf11de2232054"
  integrity sha1-wGt5evCF6gC8Unr8jvzxHeIjIFQ=
  dependencies:
    readable-stream "~1.0.26"

bluebird@1.0.3:
  version "1.0.3"
  resolved "https://registry.yarnpkg.com/bluebird/-/bluebird-1.0.3.tgz#c4b441184802e3b64a61eeed4578271b4c8bf6ac"
  integrity sha1-xLRBGEgC47ZKYe7tRXgnG0yL9qw=

boom@0.4.x:
  version "0.4.2"
  resolved "https://registry.yarnpkg.com/boom/-/boom-0.4.2.tgz#7a636e9ded4efcefb19cef4947a3c67dfaee911b"
  integrity sha1-emNune1O/O+xnO9JR6PGffrukRs=
  dependencies:
    hoek "0.9.x"

buffer-from@^1.0.0:
  version "1.1.1"
  resolved "https://registry.yarnpkg.com/buffer-from/-/buffer-from-1.1.1.tgz#32713bc028f75c02fdb710d7c7bcec1f2c6070ef"
  integrity sha512-MQcXEUbCKtEo7bhqEs6560Hyd4XaovZlO/k9V3hjVUF/zwW7KBVdSK4gIt/bzwS9MbR5qob+F5jusZsb0YQK2A==

colors@0.5.x:
  version "0.5.1"
  resolved "https://registry.yarnpkg.com/colors/-/colors-0.5.1.tgz#7d0023eaeb154e8ee9fce75dcb923d0ed1667774"
  integrity sha1-fQAj6usVTo7p/Oddy5I9DtFmd3Q=

combined-stream@~0.0.4:
  version "0.0.7"
  resolved "https://registry.yarnpkg.com/combined-stream/-/combined-stream-0.0.7.tgz#0137e657baa5a7541c57ac37ac5fc07d73b4dc1f"
  integrity sha1-ATfmV7qlp1QcV6w3rF/AfXO03B8=
  dependencies:
    delayed-stream "0.0.5"

cookie-jar@~0.3.0:
  version "0.3.0"
  resolved "https://registry.yarnpkg.com/cookie-jar/-/cookie-jar-0.3.0.tgz#bc9a27d4e2b97e186cd57c9e2063cb99fa68cccc"
  integrity sha1-vJon1OK5fhhs1XyeIGPLmfpozMw=

core-util-is@~1.0.0:
  version "1.0.2"
  resolved "https://registry.yarnpkg.com/core-util-is/-/core-util-is-1.0.2.tgz#b5fd54220aa2bc5ab57aab7140c940754503c1a7"
  integrity sha1-tf1UIgqivFq1eqtxQMlAdUUDwac=

cryptiles@0.2.x:
  version "0.2.2"
  resolved "https://registry.yarnpkg.com/cryptiles/-/cryptiles-0.2.2.tgz#ed91ff1f17ad13d3748288594f8a48a0d26f325c"
  integrity sha1-7ZH/HxetE9N0gohZT4pIoNJvMlw=
  dependencies:
    boom "0.4.x"

ctype@0.5.3:
  version "0.5.3"
  resolved "https://registry.yarnpkg.com/ctype/-/ctype-0.5.3.tgz#82c18c2461f74114ef16c135224ad0b9144ca12f"
  integrity sha1-gsGMJGH3QRTvFsE1IkrQuRRMoS8=

delayed-stream@0.0.5:
  version "0.0.5"
  resolved "https://registry.yarnpkg.com/delayed-stream/-/delayed-stream-0.0.5.tgz#d4b1f43a93e8296dfe02694f4680bc37a313c73f"
  integrity sha1-1LH0OpPoKW3+AmlPRoC8N6MTxz8=

diff@^3.1.0:
  version "3.5.0"
  resolved "https://registry.yarnpkg.com/diff/-/diff-3.5.0.tgz#800c0dd1e0a8bfbc95835c202ad220fe317e5a12"
  integrity sha512-A46qtFgd+g7pDZinpnwiRJtxbC1hpgf0uzP3iG89scHk0AUC7A1TGxf5OiiOUv/JMZR8GOt8hL900hV0bOy5xA==

duplexer2@~0.0.2:
  version "0.0.2"
  resolved "https://registry.yarnpkg.com/duplexer2/-/duplexer2-0.0.2.tgz#c614dcf67e2fb14995a91711e5a617e8a60a31db"
  integrity sha1-xhTc9n4vsUmVqRcR5aYX6KYKMds=
  dependencies:
    readable-stream "~1.1.9"

fast-deep-equal@^2.0.1:
  version "2.0.1"
  resolved "https://registry.yarnpkg.com/fast-deep-equal/-/fast-deep-equal-2.0.1.tgz#7b05218ddf9667bf7f370bf7fdb2cb15fdd0aa49"
  integrity sha1-ewUhjd+WZ79/Nwv3/bLLFf3Qqkk=

fast-json-stable-stringify@^2.0.0:
  version "2.0.0"
  resolved "https://registry.yarnpkg.com/fast-json-stable-stringify/-/fast-json-stable-stringify-2.0.0.tgz#d5142c0caee6b1189f87d3a76111064f86c8bbf2"
  integrity sha1-1RQsDK7msRifh9OnYREGT4bIu/I=

foreach@~2.0.1:
  version "2.0.5"
  resolved "https://registry.yarnpkg.com/foreach/-/foreach-2.0.5.tgz#0bee005018aeb260d0a3af3ae658dd0136ec1b99"
  integrity sha1-C+4AUBiusmDQo6865ljdATbsG5k=

forever-agent@~0.5.0:
  version "0.5.2"
  resolved "https://registry.yarnpkg.com/forever-agent/-/forever-agent-0.5.2.tgz#6d0e09c4921f94a27f63d3b49c5feff1ea4c5130"
  integrity sha1-bQ4JxJIflKJ/Y9O0nF/v8epMUTA=

form-data@0.0.8:
  version "0.0.8"
  resolved "https://registry.yarnpkg.com/form-data/-/form-data-0.0.8.tgz#0890cd1005c5ccecc0b9d24a88052c92442d0db5"
  integrity sha1-CJDNEAXFzOzAudJKiAUskkQtDbU=
  dependencies:
    async "~0.2.7"
    combined-stream "~0.0.4"
    mime "~1.2.2"

ghauth@3.0.0:
  version "3.0.0"
  resolved "https://registry.yarnpkg.com/ghauth/-/ghauth-3.0.0.tgz#8292a24ef47899f180a39c780c4809561294bdbc"
  integrity sha1-gpKiTvR4mfGAo5x4DEgJVhKUvbw=
  dependencies:
    application-config "~0.1.1"
    bl "~0.9.4"
    hyperquest "~1.2.0"
    mkdirp "~0.5.0"
    read "~1.0.5"
    xtend "~4.0.0"

github-changes@^1.1.2:
  version "1.1.2"
  resolved "https://registry.yarnpkg.com/github-changes/-/github-changes-1.1.2.tgz#0411c1995dd73541a3b0b9cd341073613d02120b"
  integrity sha512-S4lzHQHyPSyHm22JjE+Vsyr8/d797NPmYYpBqwfkPj9qHIbSwENoqKngyfGbaVbmPFTeE6QMgDbcX12TWy+fpg==
  dependencies:
    bluebird "1.0.3"
    ghauth "3.0.0"
    github "0.1.16"
    github-commit-stream "0.1.0"
    lodash "2.4.1"
    moment-timezone "0.5.5"
    nomnom "1.6.2"
    parse-link-header "0.1.0"
    semver "5.4.1"

github-commit-stream@0.1.0:
  version "0.1.0"
  resolved "https://registry.yarnpkg.com/github-commit-stream/-/github-commit-stream-0.1.0.tgz#dbcdb7b267967186b70cc736391830da6368d7a1"
  integrity sha1-2823smeWcYa3DMc2ORgw2mNo16E=
  dependencies:
    async "~0.2.9"
    parse-link-header "~0.1.0"
    request "~2.22.0"
    through "~2.3.4"

github@0.1.16:
  version "0.1.16"
  resolved "https://registry.yarnpkg.com/github/-/github-0.1.16.tgz#895d2a85b0feb7980d89ac0ce4f44dcaa03f17b5"
  integrity sha1-iV0qhbD+t5gNiawM5PRNyqA/F7U=

hawk@~0.13.0:
  version "0.13.1"
  resolved "https://registry.yarnpkg.com/hawk/-/hawk-0.13.1.tgz#3617958821f58311e4d7f6de291fca662b412ef4"
  integrity sha1-NheViCH1gxHk1/beKR/KZitBLvQ=
  dependencies:
    boom "0.4.x"
    cryptiles "0.2.x"
    hoek "0.8.x"
    sntp "0.2.x"

hoek@0.8.x:
  version "0.8.5"
  resolved "https://registry.yarnpkg.com/hoek/-/hoek-0.8.5.tgz#1e9fd770ef7ebe0274adfcb5b0806a025a5e4e9f"
  integrity sha1-Hp/XcO9+vgJ0rfy1sIBqAlpeTp8=

hoek@0.9.x:
  version "0.9.1"
  resolved "https://registry.yarnpkg.com/hoek/-/hoek-0.9.1.tgz#3d322462badf07716ea7eb85baf88079cddce505"
  integrity sha1-PTIkYrrfB3Fup+uFuviAec3c5QU=

http-signature@~0.10.0:
  version "0.10.1"
  resolved "https://registry.yarnpkg.com/http-signature/-/http-signature-0.10.1.tgz#4fbdac132559aa8323121e540779c0a012b27e66"
  integrity sha1-T72sEyVZqoMjEh5UB3nAoBKyfmY=
  dependencies:
    asn1 "0.1.11"
    assert-plus "^0.1.5"
    ctype "0.5.3"

hyperquest@~1.2.0:
  version "1.2.0"
  resolved "https://registry.yarnpkg.com/hyperquest/-/hyperquest-1.2.0.tgz#39e1fef66888dc7ce0dec6c0dd814f6fc8944ad5"
  integrity sha1-OeH+9miI3Hzg3sbA3YFPb8iUStU=
  dependencies:
    duplexer2 "~0.0.2"
    through2 "~0.6.3"

indexof@~0.0.1:
  version "0.0.1"
  resolved "https://registry.yarnpkg.com/indexof/-/indexof-0.0.1.tgz#82dc336d232b9062179d05ab3293a66059fd435d"
  integrity sha1-gtwzbSMrkGIXnQWrMpOmYFn9Q10=

inherits@~2.0.1:
  version "2.0.3"
  resolved "https://registry.yarnpkg.com/inherits/-/inherits-2.0.3.tgz#633c2c83e3da42a502f52466022480f4208261de"
  integrity sha1-Yzwsg+PaQqUC9SRmAiSA9CCCYd4=

is-object@~0.1.2:
  version "0.1.2"
  resolved "https://registry.yarnpkg.com/is-object/-/is-object-0.1.2.tgz#00efbc08816c33cfc4ac8251d132e10dc65098d7"
  integrity sha1-AO+8CIFsM8/ErIJR0TLhDcZQmNc=

is@~0.2.6:
  version "0.2.7"
  resolved "https://registry.yarnpkg.com/is/-/is-0.2.7.tgz#3b34a2c48f359972f35042849193ae7264b63562"
  integrity sha1-OzSixI81mXLzUEKEkZOucmS2NWI=

isarray@0.0.1:
  version "0.0.1"
  resolved "https://registry.yarnpkg.com/isarray/-/isarray-0.0.1.tgz#8a18acfca9a8f4177e09abfc6038939b05d1eedf"
  integrity sha1-ihis/Kmo9Bd+Cav8YDiTmwXR7t8=

json-schema-traverse@^0.4.1:
  version "0.4.1"
  resolved "https://registry.yarnpkg.com/json-schema-traverse/-/json-schema-traverse-0.4.1.tgz#69f6a87d9513ab8bb8fe63bdb0979c448e684660"
  integrity sha512-xbbCH5dCYU5T8LcEhhuh7HJ88HXuW3qsI3Y0zOZFKfZEHcpWiHU/Jxzk629Brsab/mMiHQti9wMP+845RPe3Vg==

json-stringify-safe@~4.0.0:
  version "4.0.0"
  resolved "https://registry.yarnpkg.com/json-stringify-safe/-/json-stringify-safe-4.0.0.tgz#77c271aaea54302e68efeaccb56abbf06a9b1a54"
  integrity sha1-d8JxqupUMC5o7+rMtWq78GqbGlQ=

lodash@2.4.1:
  version "2.4.1"
  resolved "https://registry.yarnpkg.com/lodash/-/lodash-2.4.1.tgz#5b7723034dda4d262e5a46fb2c58d7cc22f71420"
  integrity sha1-W3cjA03aTSYuWkb7LFjXzCL3FCA=

make-error@^1.1.1:
  version "1.3.5"
  resolved "https://registry.yarnpkg.com/make-error/-/make-error-1.3.5.tgz#efe4e81f6db28cadd605c70f29c831b58ef776c8"
  integrity sha512-c3sIjNUow0+8swNwVpqoH4YCShKNFkMaw6oH1mNS2haDZQqkeZFlHS3dhoeEbKKmJB4vXpJucU6oH75aDYeE9g==

mime@~1.2.2, mime@~1.2.9:
  version "1.2.11"
  resolved "https://registry.yarnpkg.com/mime/-/mime-1.2.11.tgz#58203eed86e3a5ef17aed2b7d9ebd47f0a60dd10"
  integrity sha1-WCA+7Ybjpe8XrtK32evUfwpg3RA=

minimist@0.0.8:
  version "0.0.8"
  resolved "https://registry.yarnpkg.com/minimist/-/minimist-0.0.8.tgz#857fcabfc3397d2625b8228262e86aa7a011b05d"
  integrity sha1-hX/Kv8M5fSYluCKCYuhqp6ARsF0=

mkdirp@^0.5.1, mkdirp@~0.5.0:
  version "0.5.1"
  resolved "https://registry.yarnpkg.com/mkdirp/-/mkdirp-0.5.1.tgz#30057438eac6cf7f8c4767f38648d6697d75c903"
  integrity sha1-MAV0OOrGz3+MR2fzhkjWaX11yQM=
  dependencies:
    minimist "0.0.8"

moment-timezone@0.5.5:
  version "0.5.5"
  resolved "https://registry.yarnpkg.com/moment-timezone/-/moment-timezone-0.5.5.tgz#a1d5410a72c18a5f293f2a2e62870a80ad432dae"
  integrity sha1-odVBCnLBil8pPyouYocKgK1DLa4=
  dependencies:
    moment ">= 2.6.0"

"moment@>= 2.6.0":
  version "2.24.0"
  resolved "https://registry.yarnpkg.com/moment/-/moment-2.24.0.tgz#0d055d53f5052aa653c9f6eb68bb5d12bf5c2b5b"
  integrity sha512-bV7f+6l2QigeBBZSM/6yTNq4P2fNpSWj/0e7jQcy87A8e7o2nAfP/34/2ky5Vw4B9S446EtIhodAzkFCcR4dQg==

mute-stream@~0.0.4:
  version "0.0.8"
  resolved "https://registry.yarnpkg.com/mute-stream/-/mute-stream-0.0.8.tgz#1630c42b2251ff81e2a283de96a5497ea92e5e0d"
  integrity sha512-nnbWWOkoWyUsTjKrhgD0dcz22mdkSnpYqbEjIm2nhwhuxlSkpywJmBo8h0ZqJdkp73mb90SssHkN4rsRaBAfAA==

node-uuid@~1.4.0:
  version "1.4.8"
  resolved "https://registry.yarnpkg.com/node-uuid/-/node-uuid-1.4.8.tgz#b040eb0923968afabf8d32fb1f17f1167fdab907"
  integrity sha1-sEDrCSOWivq/jTL7HxfxFn/auQc=

nomnom@1.6.2:
  version "1.6.2"
  resolved "https://registry.yarnpkg.com/nomnom/-/nomnom-1.6.2.tgz#84a66a260174408fc5b77a18f888eccc44fb6971"
  integrity sha1-hKZqJgF0QI/Ft3oY+IjszET7aXE=
  dependencies:
    colors "0.5.x"
    underscore "~1.4.4"

oauth-sign@~0.3.0:
  version "0.3.0"
  resolved "https://registry.yarnpkg.com/oauth-sign/-/oauth-sign-0.3.0.tgz#cb540f93bb2b22a7d5941691a288d60e8ea9386e"
  integrity sha1-y1QPk7srIqfVlBaRoojWDo6pOG4=

object-keys@~0.2.0:
  version "0.2.0"
  resolved "https://registry.yarnpkg.com/object-keys/-/object-keys-0.2.0.tgz#cddec02998b091be42bf1035ae32e49f1cb6ea67"
  integrity sha1-zd7AKZiwkb5CvxA1rjLknxy26mc=
  dependencies:
    foreach "~2.0.1"
    indexof "~0.0.1"
    is "~0.2.6"

parse-link-header@0.1.0, parse-link-header@~0.1.0:
  version "0.1.0"
  resolved "https://registry.yarnpkg.com/parse-link-header/-/parse-link-header-0.1.0.tgz#5503fa7fb2f354bb234255c1c421da3eb05b9185"
  integrity sha1-VQP6f7LzVLsjQlXBxCHaPrBbkYU=
  dependencies:
    xtend "~2.0.5"

punycode@^2.1.0:
  version "2.1.1"
  resolved "https://registry.yarnpkg.com/punycode/-/punycode-2.1.1.tgz#b58b010ac40c22c5657616c8d2c2c02c7bf479ec"
  integrity sha512-XRsRjdf+j5ml+y/6GKHPZbrF/8p2Yga0JPtdqTIY2Xe5ohJPD9saDJJLPvp9+NSBprVvevdXZybnj2cv8OEd0A==

qs@~0.6.0:
  version "0.6.6"
  resolved "https://registry.yarnpkg.com/qs/-/qs-0.6.6.tgz#6e015098ff51968b8a3c819001d5f2c89bc4b107"
  integrity sha1-bgFQmP9RlouKPIGQAdXyyJvEsQc=

read@~1.0.5:
  version "1.0.7"
  resolved "https://registry.yarnpkg.com/read/-/read-1.0.7.tgz#b3da19bd052431a97671d44a42634adf710b40c4"
  integrity sha1-s9oZvQUkMal2cdRKQmNK33ELQMQ=
  dependencies:
    mute-stream "~0.0.4"

"readable-stream@>=1.0.33-1 <1.1.0-0", readable-stream@~1.0.26:
  version "1.0.34"
  resolved "https://registry.yarnpkg.com/readable-stream/-/readable-stream-1.0.34.tgz#125820e34bc842d2f2aaafafe4c2916ee32c157c"
  integrity sha1-Elgg40vIQtLyqq+v5MKRbuMsFXw=
  dependencies:
    core-util-is "~1.0.0"
    inherits "~2.0.1"
    isarray "0.0.1"
    string_decoder "~0.10.x"

readable-stream@~1.1.9:
  version "1.1.14"
  resolved "https://registry.yarnpkg.com/readable-stream/-/readable-stream-1.1.14.tgz#7cf4c54ef648e3813084c636dd2079e166c081d9"
  integrity sha1-fPTFTvZI44EwhMY23SB54WbAgdk=
  dependencies:
    core-util-is "~1.0.0"
    inherits "~2.0.1"
    isarray "0.0.1"
    string_decoder "~0.10.x"

request@~2.22.0:
  version "2.22.0"
  resolved "https://registry.yarnpkg.com/request/-/request-2.22.0.tgz#b883a769cc4a909571eb5004b344c43cf7e51592"
  integrity sha1-uIOnacxKkJVx61AEs0TEPPflFZI=
  dependencies:
    aws-sign "~0.3.0"
    cookie-jar "~0.3.0"
    forever-agent "~0.5.0"
    form-data "0.0.8"
    hawk "~0.13.0"
    http-signature "~0.10.0"
    json-stringify-safe "~4.0.0"
    mime "~1.2.9"
    node-uuid "~1.4.0"
    oauth-sign "~0.3.0"
    qs "~0.6.0"
    tunnel-agent "~0.3.0"

semver@5.4.1:
  version "5.4.1"
  resolved "https://registry.yarnpkg.com/semver/-/semver-5.4.1.tgz#e059c09d8571f0540823733433505d3a2f00b18e"
  integrity sha512-WfG/X9+oATh81XtllIo/I8gOiY9EXRdv1cQdyykeXK17YcUW3EXUAi2To4pcH6nZtJPr7ZOpM5OMyWJZm+8Rsg==

sntp@0.2.x:
  version "0.2.4"
  resolved "https://registry.yarnpkg.com/sntp/-/sntp-0.2.4.tgz#fb885f18b0f3aad189f824862536bceeec750900"
  integrity sha1-+4hfGLDzqtGJ+CSGJTa87ux1CQA=
  dependencies:
    hoek "0.9.x"

source-map-support@^0.5.6:
  version "0.5.12"
  resolved "https://registry.yarnpkg.com/source-map-support/-/source-map-support-0.5.12.tgz#b4f3b10d51857a5af0138d3ce8003b201613d599"
  integrity sha512-4h2Pbvyy15EE02G+JOZpUCmqWJuqrs+sEkzewTm++BPi7Hvn/HwcqLAcNxYAyI0x13CpPPn+kMjl+hplXMHITQ==
  dependencies:
    buffer-from "^1.0.0"
    source-map "^0.6.0"

source-map@^0.6.0:
  version "0.6.1"
  resolved "https://registry.yarnpkg.com/source-map/-/source-map-0.6.1.tgz#74722af32e9614e9c287a8d0bbde48b5e2f1a263"
  integrity sha512-UjgapumWlbMhkBgzT7Ykc5YXUT46F0iKu8SGXq0bcwP5dz/h0Plj6enJqjz1Zbq2l5WaqYnrVbwWOWMyF3F47g==

string_decoder@~0.10.x:
  version "0.10.31"
  resolved "https://registry.yarnpkg.com/string_decoder/-/string_decoder-0.10.31.tgz#62e203bc41766c6c28c9fc84301dab1c5310fa94"
  integrity sha1-YuIDvEF2bGwoyfyEMB2rHFMQ+pQ=

through2@~0.6.3:
  version "0.6.5"
  resolved "https://registry.yarnpkg.com/through2/-/through2-0.6.5.tgz#41ab9c67b29d57209071410e1d7a7a968cd3ad48"
  integrity sha1-QaucZ7KdVyCQcUEOHXp6lozTrUg=
  dependencies:
    readable-stream ">=1.0.33-1 <1.1.0-0"
    xtend ">=4.0.0 <4.1.0-0"

through@~2.3.4:
  version "2.3.8"
  resolved "https://registry.yarnpkg.com/through/-/through-2.3.8.tgz#0dd4c9ffaabc357960b1b724115d7e0e86a2e1f5"
  integrity sha1-DdTJ/6q8NXlgsbckEV1+Doai4fU=

ts-node@^8.1.0:
  version "8.1.0"
  resolved "https://registry.yarnpkg.com/ts-node/-/ts-node-8.1.0.tgz#8c4b37036abd448577db22a061fd7a67d47e658e"
  integrity sha512-34jpuOrxDuf+O6iW1JpgTRDFynUZ1iEqtYruBqh35gICNjN8x+LpVcPAcwzLPi9VU6mdA3ym+x233nZmZp445A==
  dependencies:
    arg "^4.1.0"
    diff "^3.1.0"
    make-error "^1.1.1"
    source-map-support "^0.5.6"
    yn "^3.0.0"

tsc@^1.20150623.0:
  version "1.20150623.0"
  resolved "https://registry.yarnpkg.com/tsc/-/tsc-1.20150623.0.tgz#4ebc3c774e169148cbc768a7342533f082c7a6e5"
  integrity sha1-Trw8d04WkUjLx2inNCUz8ILHpuU=

tunnel-agent@~0.3.0:
  version "0.3.0"
  resolved "https://registry.yarnpkg.com/tunnel-agent/-/tunnel-agent-0.3.0.tgz#ad681b68f5321ad2827c4cfb1b7d5df2cfe942ee"
  integrity sha1-rWgbaPUyGtKCfEz7G31d8s/pQu4=

typescript@^3.3.3:
  version "3.4.5"
  resolved "https://registry.yarnpkg.com/typescript/-/typescript-3.4.5.tgz#2d2618d10bb566572b8d7aad5180d84257d70a99"
  integrity sha512-YycBxUb49UUhdNMU5aJ7z5Ej2XGmaIBL0x34vZ82fn3hGvD+bgrMrVDpatgz2f7YxUMJxMkbWxJZeAvDxVe7Vw==

underscore@~1.4.4:
  version "1.4.4"
  resolved "https://registry.yarnpkg.com/underscore/-/underscore-1.4.4.tgz#61a6a32010622afa07963bf325203cf12239d604"
  integrity sha1-YaajIBBiKvoHljvzJSA88SI51gQ=

uri-js@^4.2.2:
  version "4.2.2"
  resolved "https://registry.yarnpkg.com/uri-js/-/uri-js-4.2.2.tgz#94c540e1ff772956e2299507c010aea6c8838eb0"
  integrity sha512-KY9Frmirql91X2Qgjry0Wd4Y+YTdrdZheS8TFwvkbLWf/G5KNJDCh6pKL5OZctEW4+0Baa5idK2ZQuELRwPznQ==
  dependencies:
    punycode "^2.1.0"

"xtend@>=4.0.0 <4.1.0-0", xtend@~4.0.0:
  version "4.0.1"
  resolved "https://registry.yarnpkg.com/xtend/-/xtend-4.0.1.tgz#a5c6d532be656e23db820efb943a1f04998d63af"
  integrity sha1-pcbVMr5lbiPbgg77lDofBJmNY68=

xtend@~2.0.5:
  version "2.0.6"
  resolved "https://registry.yarnpkg.com/xtend/-/xtend-2.0.6.tgz#5ea657a6dba447069c2e59c58a1138cb0c5e6cee"
  integrity sha1-XqZXptukRwacLlnFihE4ywxebO4=
  dependencies:
    is-object "~0.1.2"
    object-keys "~0.2.0"

yn@^3.0.0:
  version "3.1.0"
  resolved "https://registry.yarnpkg.com/yn/-/yn-3.1.0.tgz#fcbe2db63610361afcc5eb9e0ac91e976d046114"
  integrity sha512-kKfnnYkbTfrAdd0xICNFw7Atm8nKpLcLv9AZGEt+kczL/WQVai4e2V6ZN8U/O+iI6WrNuJjNNOyu4zfhl9D3Hg==
